
Microsoft Visual Studio Solution File, Format Version 12.00
# Visual Studio Version 17
VisualStudioVersion = 17.14.36414.22 d17.14
MinimumVisualStudioVersion = 10.0.40219.1
Project("{FAE04EC0-301F-11D3-BF4B-00C04F79EFBC}") = "Kunskapskontroll 3", "Kunskapskontroll 3.csproj", "{89B391B1-3480-46FA-B6F3-C80D67B5CE87}"
EndProject
Global
	GlobalSection(SolutionConfigurationPlatforms) = preSolution
		Debug|Any CPU = Debug|Any CPU
		Release|Any CPU = Release|Any CPU
	EndGlobalSection
	GlobalSection(ProjectConfigurationPlatforms) = postSolution
		{89B391B1-3480-46FA-B6F3-C80D67B5CE87}.Debug|Any CPU.ActiveCfg = Debug|Any CPU
		{89B391B1-3480-46FA-B6F3-C80D67B5CE87}.Debug|Any CPU.Build.0 = Debug|Any CPU
		{89B391B1-3480-46FA-B6F3-C80D67B5CE87}.Release|Any CPU.ActiveCfg = Release|Any CPU
		{89B391B1-3480-46FA-B6F3-C80D67B5CE87}.Release|Any CPU.Build.0 = Release|Any CPU
	EndGlobalSection
	GlobalSection(SolutionProperties) = preSolution
		HideSolutionNode = FALSE
	EndGlobalSection
	GlobalSection(ExtensibilityGlobals) = postSolution
		SolutionGuid = {EC52522B-B60E-4C52-8FE9-A77C945FEBB4}
	EndGlobalSection
EndGlobal
